
Microsoft Visual Studio Solution File, Format Version 12.00
# Visual Studio Version 16
VisualStudioVersion = 16.0.30320.27
MinimumVisualStudioVersion = 10.0.40219.1
Project("{FAE04EC0-301F-11D3-BF4B-00C04F79EFBC}") = "OddEvenUsingLinQ", "OddEvenUsingLinQ\OddEvenUsingLinQ.csproj", "{D152C83C-1754-45FE-960C-10B747200577}"
EndProject
Global
	GlobalSection(SolutionConfigurationPlatforms) = preSolution
		Debug|Any CPU = Debug|Any CPU
		Release|Any CPU = Release|Any CPU
	EndGlobalSection
	GlobalSection(ProjectConfigurationPlatforms) = postSolution
		{D152C83C-1754-45FE-960C-10B747200577}.Debug|Any CPU.ActiveCfg = Debug|Any CPU
		{D152C83C-1754-45FE-960C-10B747200577}.Debug|Any CPU.Build.0 = Debug|Any CPU
		{D152C83C-1754-45FE-960C-10B747200577}.Release|Any CPU.ActiveCfg = Release|Any CPU
		{D152C83C-1754-45FE-960C-10B747200577}.Release|Any CPU.Build.0 = Release|Any CPU
	EndGlobalSection
	GlobalSection(SolutionProperties) = preSolution
		HideSolutionNode = FALSE
	EndGlobalSection
	GlobalSection(ExtensibilityGlobals) = postSolution
		SolutionGuid = {EC6B5B9D-678F-4159-A3E4-FD556D3DCFF3}
	EndGlobalSection
EndGlobal
